
Microsoft Visual Studio Solution File, Format Version 12.00
# Visual Studio 15
VisualStudioVersion = 15.0.27130.2036
MinimumVisualStudioVersion = 10.0.40219.1
Project("{FAE04EC0-301F-11D3-BF4B-00C04F79EFBC}") = "Fibonacci", "Fibonacci\Fibonacci.csproj", "{B058DB1F-88CF-4872-AC64-B67E54CB31F3}"
EndProject
Global
	GlobalSection(SolutionConfigurationPlatforms) = preSolution
		Debug|Any CPU = Debug|Any CPU
		Release|Any CPU = Release|Any CPU
	EndGlobalSection
	GlobalSection(ProjectConfigurationPlatforms) = postSolution
		{B058DB1F-88CF-4872-AC64-B67E54CB31F3}.Debug|Any CPU.ActiveCfg = Debug|Any CPU
		{B058DB1F-88CF-4872-AC64-B67E54CB31F3}.Debug|Any CPU.Build.0 = Debug|Any CPU
		{B058DB1F-88CF-4872-AC64-B67E54CB31F3}.Release|Any CPU.ActiveCfg = Release|Any CPU
		{B058DB1F-88CF-4872-AC64-B67E54CB31F3}.Release|Any CPU.Build.0 = Release|Any CPU
	EndGlobalSection
	GlobalSection(SolutionProperties) = preSolution
		HideSolutionNode = FALSE
	EndGlobalSection
	GlobalSection(ExtensibilityGlobals) = postSolution
		SolutionGuid = {C44524EE-C4B3-48D3-8C93-6BFD42170C63}
	EndGlobalSection
EndGlobal
